
Microsoft Visual Studio Solution File, Format Version 12.00
# Visual Studio Version 17
VisualStudioVersion = 17.4.33110.190
MinimumVisualStudioVersion = 10.0.40219.1
Project("{FAE04EC0-301F-11D3-BF4B-00C04F79EFBC}") = "ExServicios", "ExServicios\ExServicios.csproj", "{0E7712DF-F02B-480C-85F9-4E9AB290A5F4}"
EndProject
Global
	GlobalSection(SolutionConfigurationPlatforms) = preSolution
		Debug|Any CPU = Debug|Any CPU
		Release|Any CPU = Release|Any CPU
	EndGlobalSection
	GlobalSection(ProjectConfigurationPlatforms) = postSolution
		{0E7712DF-F02B-480C-85F9-4E9AB290A5F4}.Debug|Any CPU.ActiveCfg = Debug|Any CPU
		{0E7712DF-F02B-480C-85F9-4E9AB290A5F4}.Debug|Any CPU.Build.0 = Debug|Any CPU
		{0E7712DF-F02B-480C-85F9-4E9AB290A5F4}.Release|Any CPU.ActiveCfg = Release|Any CPU
		{0E7712DF-F02B-480C-85F9-4E9AB290A5F4}.Release|Any CPU.Build.0 = Release|Any CPU
	EndGlobalSection
	GlobalSection(SolutionProperties) = preSolution
		HideSolutionNode = FALSE
	EndGlobalSection
	GlobalSection(ExtensibilityGlobals) = postSolution
		SolutionGuid = {CF56511D-9A93-4793-B74E-CE5D9ABAC4F0}
	EndGlobalSection
EndGlobal
