
Microsoft Visual Studio Solution File, Format Version 12.00
# Visual Studio Version 17
VisualStudioVersion = 17.5.33402.96
MinimumVisualStudioVersion = 10.0.40219.1
Project("{FAE04EC0-301F-11D3-BF4B-00C04F79EFBC}") = "01-exercise", "01-exercise\01-exercise.csproj", "{43C1FDA3-E24A-4E0D-BB20-C24C25A5FA5D}"
EndProject
Global
	GlobalSection(SolutionConfigurationPlatforms) = preSolution
		Debug|Any CPU = Debug|Any CPU
		Release|Any CPU = Release|Any CPU
	EndGlobalSection
	GlobalSection(ProjectConfigurationPlatforms) = postSolution
		{43C1FDA3-E24A-4E0D-BB20-C24C25A5FA5D}.Debug|Any CPU.ActiveCfg = Debug|Any CPU
		{43C1FDA3-E24A-4E0D-BB20-C24C25A5FA5D}.Debug|Any CPU.Build.0 = Debug|Any CPU
		{43C1FDA3-E24A-4E0D-BB20-C24C25A5FA5D}.Release|Any CPU.ActiveCfg = Release|Any CPU
		{43C1FDA3-E24A-4E0D-BB20-C24C25A5FA5D}.Release|Any CPU.Build.0 = Release|Any CPU
	EndGlobalSection
	GlobalSection(SolutionProperties) = preSolution
		HideSolutionNode = FALSE
	EndGlobalSection
	GlobalSection(ExtensibilityGlobals) = postSolution
		SolutionGuid = {6C6FB8DD-C9EB-4C08-81CB-FD290DBC4FA6}
	EndGlobalSection
EndGlobal
