
Microsoft Visual Studio Solution File, Format Version 12.00
# Visual Studio Version 17
VisualStudioVersion = 17.5.33312.197
MinimumVisualStudioVersion = 10.0.40219.1
Project("{9A19103F-16F7-4668-BE54-9A1E7A4F7556}") = "Server", "01-exercise\Server.csproj", "{B93D6968-74A0-4E76-AFF8-B88F24C9025F}"
EndProject
Project("{FAE04EC0-301F-11D3-BF4B-00C04F79EFBC}") = "ClientForm", "ClientForm\ClientForm.csproj", "{55C22789-7ED9-4623-B934-FABBE911FD83}"
EndProject
Global
	GlobalSection(SolutionConfigurationPlatforms) = preSolution
		Debug|Any CPU = Debug|Any CPU
		Release|Any CPU = Release|Any CPU
	EndGlobalSection
	GlobalSection(ProjectConfigurationPlatforms) = postSolution
		{B93D6968-74A0-4E76-AFF8-B88F24C9025F}.Debug|Any CPU.ActiveCfg = Debug|Any CPU
		{B93D6968-74A0-4E76-AFF8-B88F24C9025F}.Debug|Any CPU.Build.0 = Debug|Any CPU
		{B93D6968-74A0-4E76-AFF8-B88F24C9025F}.Release|Any CPU.ActiveCfg = Release|Any CPU
		{B93D6968-74A0-4E76-AFF8-B88F24C9025F}.Release|Any CPU.Build.0 = Release|Any CPU
		{55C22789-7ED9-4623-B934-FABBE911FD83}.Debug|Any CPU.ActiveCfg = Debug|Any CPU
		{55C22789-7ED9-4623-B934-FABBE911FD83}.Debug|Any CPU.Build.0 = Debug|Any CPU
		{55C22789-7ED9-4623-B934-FABBE911FD83}.Release|Any CPU.ActiveCfg = Release|Any CPU
		{55C22789-7ED9-4623-B934-FABBE911FD83}.Release|Any CPU.Build.0 = Release|Any CPU
	EndGlobalSection
	GlobalSection(SolutionProperties) = preSolution
		HideSolutionNode = FALSE
	EndGlobalSection
	GlobalSection(ExtensibilityGlobals) = postSolution
		SolutionGuid = {679F7167-5C71-439C-B099-7B0CEDAAB87A}
	EndGlobalSection
EndGlobal
