
Microsoft Visual Studio Solution File, Format Version 12.00
# Visual Studio Version 17
VisualStudioVersion = 17.5.33312.197
MinimumVisualStudioVersion = 10.0.40219.1
Project("{FAE04EC0-301F-11D3-BF4B-00C04F79EFBC}") = "01-exercise", "01-exercise\01-exercise.csproj", "{B93D6968-74A0-4E76-AFF8-B88F24C9025F}"
EndProject
Global
	GlobalSection(SolutionConfigurationPlatforms) = preSolution
		Debug|Any CPU = Debug|Any CPU
		Release|Any CPU = Release|Any CPU
	EndGlobalSection
	GlobalSection(ProjectConfigurationPlatforms) = postSolution
		{B93D6968-74A0-4E76-AFF8-B88F24C9025F}.Debug|Any CPU.ActiveCfg = Debug|Any CPU
		{B93D6968-74A0-4E76-AFF8-B88F24C9025F}.Debug|Any CPU.Build.0 = Debug|Any CPU
		{B93D6968-74A0-4E76-AFF8-B88F24C9025F}.Release|Any CPU.ActiveCfg = Release|Any CPU
		{B93D6968-74A0-4E76-AFF8-B88F24C9025F}.Release|Any CPU.Build.0 = Release|Any CPU
	EndGlobalSection
	GlobalSection(SolutionProperties) = preSolution
		HideSolutionNode = FALSE
	EndGlobalSection
	GlobalSection(ExtensibilityGlobals) = postSolution
		SolutionGuid = {679F7167-5C71-439C-B099-7B0CEDAAB87A}
	EndGlobalSection
EndGlobal
