
Microsoft Visual Studio Solution File, Format Version 12.00
# Visual Studio Version 17
VisualStudioVersion = 17.5.33402.96
MinimumVisualStudioVersion = 10.0.40219.1
Project("{FAE04EC0-301F-11D3-BF4B-00C04F79EFBC}") = "01-exercise", "01-exercise\01-exercise.csproj", "{86FBA826-222C-4321-8F3A-BD26E593C338}"
EndProject
Global
	GlobalSection(SolutionConfigurationPlatforms) = preSolution
		Debug|Any CPU = Debug|Any CPU
		Release|Any CPU = Release|Any CPU
	EndGlobalSection
	GlobalSection(ProjectConfigurationPlatforms) = postSolution
		{86FBA826-222C-4321-8F3A-BD26E593C338}.Debug|Any CPU.ActiveCfg = Debug|Any CPU
		{86FBA826-222C-4321-8F3A-BD26E593C338}.Debug|Any CPU.Build.0 = Debug|Any CPU
		{86FBA826-222C-4321-8F3A-BD26E593C338}.Release|Any CPU.ActiveCfg = Release|Any CPU
		{86FBA826-222C-4321-8F3A-BD26E593C338}.Release|Any CPU.Build.0 = Release|Any CPU
	EndGlobalSection
	GlobalSection(SolutionProperties) = preSolution
		HideSolutionNode = FALSE
	EndGlobalSection
	GlobalSection(ExtensibilityGlobals) = postSolution
		SolutionGuid = {4F3B3439-1661-421C-807E-352BD63B33B0}
	EndGlobalSection
EndGlobal
